<?xml version="1.0" encoding="UTF-8" standalone="yes" ?>
<CodeBlocks_project_file>
	<FileVersion major="1" minor="6" />
	<Project>
		<Option title="test" />
		<Option pch_mode="2" />
		<Option compiler="gcc" />
		<Build>
			<Script file="lib_finder.script" />
			<Target title="Debug">
				<Option output="bin/Debug/test" prefix_auto="1" extension_auto="1" />
				<Option object_output="obj/Debug/" />
				<Option type="1" />
				<Option compiler="gcc" />
				<Compiler>
					<Add option="-g" />
					<Add directory="B:/GSOC/GsocVertx/Cclient/TCP-eventbus-client-C-Plus-Plus/test/" />
				</Compiler>
				<ResourceCompiler>
					<Add directory="../vertx" />
				</ResourceCompiler>
				<Linker>
					<Add option="-lpthread --enable-stdcall-fixup" />
					<Add library="B:/GSOC/GsocVertx/Cclient/TCP-eventbus-client-C-Plus-Plus/vertx/libvertx.a" />
					<Add library="lib/ws2_32.lib" />
				</Linker>
			</Target>
			<Target title="Release">
				<Option output="bin/Release/test" prefix_auto="1" extension_auto="1" />
				<Option object_output="obj/Release/" />
				<Option type="1" />
				<Option compiler="gcc" />
				<Compiler>
					<Add option="-O2" />
				</Compiler>
				<Linker>
					<Add option="-s" />
				</Linker>
			</Target>
		</Build>
		<Compiler>
			<Add option="-Wall" />
		</Compiler>
		<Linker>
			<Add library="../vertx/libvertx.a" />
		</Linker>
		<Unit filename="../vertx/osi_socket.c">
			<Option compilerVar="CC" />
		</Unit>
		<Unit filename="../vertx/osi_socket.h" />
		<Unit filename="../vertx/parson.c">
			<Option compilerVar="CC" />
		</Unit>
		<Unit filename="../vertx/parson.h" />
		<Unit filename="../vertx/vertx.c">
			<Option compilerVar="CC" />
		</Unit>
		<Unit filename="../vertx/vertx.h" />
		<Unit filename="lib/x32/README.txt" />
		<Unit filename="lib/x32/ws2_32.dll" />
		<Unit filename="lib/x64/README.txt" />
		<Unit filename="lib/x64/ws2_32.dll" />
		<Unit filename="main.c">
			<Option compilerVar="CC" />
		</Unit>
		<Extensions>
			<code_completion />
			<debugger />
			<envvars />
			<lib_finder disable_auto="1" />
		</Extensions>
	</Project>
</CodeBlocks_project_file>
